{
  "version": 4,
  "terraform_version": "1.4.6",
  "serial": 324,
  "lineage": "95f0dde2-a311-2d39-aa38-74d3b85c3c6b",
  "outputs": {
    "dns_name": {
      "value": "ec2-54-208-223-216.compute-1.amazonaws.com",
      "type": "string"
    },
    "ec2_ip": {
      "value": "54.208.223.216",
      "type": "string"
    },
    "vpc_id": {
      "value": "vpc-00b5cbd54381c5e78",
      "type": "string"
    }
  },
  "resources": [
    {
      "mode": "managed",
      "type": "aws_instance",
      "name": "server",
      "provider": "provider[\"registry.terraform.io/hashicorp/aws\"]",
      "instances": [
        {
          "schema_version": 1,
          "attributes": {
            "ami": "ami-0393ee318b08f4511",
            "arn": "arn:aws:ec2:us-east-1:007572960009:instance/i-0052b748e23ddebde",
            "associate_public_ip_address": true,
            "availability_zone": "us-east-1a",
            "capacity_reservation_specification": [
              {
                "capacity_reservation_preference": "open",
                "capacity_reservation_target": []
              }
            ],
            "cpu_core_count": 1,
            "cpu_options": [
              {
                "amd_sev_snp": "",
                "core_count": 1,
                "threads_per_core": 1
              }
            ],
            "cpu_threads_per_core": 1,
            "credit_specification": [
              {
                "cpu_credits": "standard"
              }
            ],
            "disable_api_stop": false,
            "disable_api_termination": false,
            "ebs_block_device": [],
            "ebs_optimized": false,
            "enclave_options": [
              {
                "enabled": false
              }
            ],
            "ephemeral_block_device": [],
            "get_password_data": false,
            "hibernation": false,
            "host_id": "",
            "host_resource_group_arn": null,
            "iam_instance_profile": "",
            "id": "i-0052b748e23ddebde",
            "instance_initiated_shutdown_behavior": "stop",
            "instance_state": "running",
            "instance_type": "t2.micro",
            "ipv6_address_count": 0,
            "ipv6_addresses": [],
            "key_name": "var.key_name",
            "launch_template": [],
            "maintenance_options": [
              {
                "auto_recovery": "default"
              }
            ],
            "metadata_options": [
              {
                "http_endpoint": "enabled",
                "http_put_response_hop_limit": 1,
                "http_tokens": "optional",
                "instance_metadata_tags": "disabled"
              }
            ],
            "monitoring": false,
            "network_interface": [],
            "outpost_arn": "",
            "password_data": "",
            "placement_group": "",
            "placement_partition_number": 0,
            "primary_network_interface_id": "eni-0ad13f08d00dc6cc1",
            "private_dns": "ip-192-168-101-165.ec2.internal",
            "private_dns_name_options": [
              {
                "enable_resource_name_dns_a_record": false,
                "enable_resource_name_dns_aaaa_record": false,
                "hostname_type": "ip-name"
              }
            ],
            "private_ip": "192.168.101.165",
            "public_dns": "ec2-54-208-223-216.compute-1.amazonaws.com",
            "public_ip": "54.208.223.216",
            "root_block_device": [
              {
                "delete_on_termination": true,
                "device_name": "/dev/xvda",
                "encrypted": false,
                "iops": 100,
                "kms_key_id": "",
                "tags": {},
                "throughput": 0,
                "volume_id": "vol-06d9c89f8ce0e63e2",
                "volume_size": 20,
                "volume_type": "gp2"
              }
            ],
            "secondary_private_ips": [],
            "security_groups": [],
            "source_dest_check": true,
            "subnet_id": "subnet-01248fc1f9e27be5e",
            "tags": {
              "Env": "Utrains_Best_IT_School",
              "Name": "Module-Terraform-EC2-instance",
              "created-by": "Gaetan",
              "team": "Group10"
            },
            "tags_all": {
              "Env": "Utrains_Best_IT_School",
              "Name": "Module-Terraform-EC2-instance",
              "created-by": "Gaetan",
              "team": "Group10"
            },
            "tenancy": "default",
            "timeouts": null,
            "user_data": null,
            "user_data_base64": null,
            "user_data_replace_on_change": false,
            "volume_tags": null,
            "vpc_security_group_ids": [
              "sg-03a96cf0c51d547f4"
            ]
          },
          "sensitive_attributes": [],
          "private": "eyJlMmJmYjczMC1lY2FhLTExZTYtOGY4OC0zNDM2M2JjN2M0YzAiOnsiY3JlYXRlIjo2MDAwMDAwMDAwMDAsImRlbGV0ZSI6MTIwMDAwMDAwMDAwMCwidXBkYXRlIjo2MDAwMDAwMDAwMDB9LCJzY2hlbWFfdmVyc2lvbiI6IjEifQ==",
          "dependencies": [
            "aws_key_pair.ec2_key",
            "aws_security_group.sg",
            "module.vpc.aws_subnet.public",
            "module.vpc.aws_vpc.this",
            "module.vpc.aws_vpc_ipv4_cidr_block_association.this",
            "tls_private_key.ec2_key"
          ]
        }
      ]
    },
    {
      "mode": "managed",
      "type": "aws_key_pair",
      "name": "ec2_key",
      "provider": "provider[\"registry.terraform.io/hashicorp/aws\"]",
      "instances": [
        {
          "schema_version": 1,
          "attributes": {
            "arn": "arn:aws:ec2:us-east-1:007572960009:key-pair/var.key_name",
            "fingerprint": "20:1b:56:cb:66:c1:35:6a:c7:95:e4:94:5b:47:19:f3",
            "id": "var.key_name",
            "key_name": "var.key_name",
            "key_name_prefix": "",
            "key_pair_id": "key-0ab2f01ccce92907f",
            "key_type": "rsa",
            "public_key": "ssh-rsa AAAAB3NzaC1yc2EAAAADAQABAAABAQCpxtMnWSOgMQcMgCJnC5zn4HMZFRfzhoKZav68A2yeLEYAnJgGOK4KbA+3cmE5GOQqYrQTeL0kKrEGLp9PFPPLJEM4T1us2t37g96/PcbnxOQfpOj2yOIkp+QY527xlIigPkJdhHtVSGe4EjVTYTQswxFcto6rp2VPtQnFcB7iqwGsYUMuQCXvsTiTLaeHzjGe1lDJ+8y7mmrza7K6eT6jWtjELcC0XQKr6kBu/icBOZNu7kHHIv5WDxmDIjpapc2MZY3X25gcD/c7UbNt0s5bX9ydJkWj6reAicOQ7t1NVwyyGOV4K7R+1QJTExaDdOBmPR0Y1fp4AqBj2RiZ6HYj",
            "tags": null,
            "tags_all": {}
          },
          "sensitive_attributes": [],
          "private": "eyJzY2hlbWFfdmVyc2lvbiI6IjEifQ==",
          "dependencies": [
            "tls_private_key.ec2_key"
          ]
        }
      ]
    },
    {
      "mode": "managed",
      "type": "aws_security_group",
      "name": "sg",
      "provider": "provider[\"registry.terraform.io/hashicorp/aws\"]",
      "instances": [
        {
          "schema_version": 1,
          "attributes": {
            "arn": "arn:aws:ec2:us-east-1:007572960009:security-group/sg-03a96cf0c51d547f4",
            "description": "allow traffic on 22 and 80",
            "egress": [
              {
                "cidr_blocks": [
                  "0.0.0.0/0"
                ],
                "description": "",
                "from_port": 0,
                "ipv6_cidr_blocks": [],
                "prefix_list_ids": [],
                "protocol": "-1",
                "security_groups": [],
                "self": false,
                "to_port": 0
              }
            ],
            "id": "sg-03a96cf0c51d547f4",
            "ingress": [
              {
                "cidr_blocks": [
                  "0.0.0.0/0"
                ],
                "description": "22 for ssh",
                "from_port": 22,
                "ipv6_cidr_blocks": [],
                "prefix_list_ids": [],
                "protocol": "tcp",
                "security_groups": [],
                "self": false,
                "to_port": 22
              },
              {
                "cidr_blocks": [
                  "0.0.0.0/0"
                ],
                "description": "80 for http",
                "from_port": 80,
                "ipv6_cidr_blocks": [],
                "prefix_list_ids": [],
                "protocol": "tcp",
                "security_groups": [],
                "self": false,
                "to_port": 80
              }
            ],
            "name": "module-project-sg",
            "name_prefix": "",
            "owner_id": "007572960009",
            "revoke_rules_on_delete": false,
            "tags": {
              "Name": "module-project-sg",
              "created-by": "Gaetan",
              "env": "Utrains_Best_IT_school",
              "team": "Group10"
            },
            "tags_all": {
              "Name": "module-project-sg",
              "created-by": "Gaetan",
              "env": "Utrains_Best_IT_school",
              "team": "Group10"
            },
            "timeouts": null,
            "vpc_id": "vpc-00b5cbd54381c5e78"
          },
          "sensitive_attributes": [],
          "private": "eyJlMmJmYjczMC1lY2FhLTExZTYtOGY4OC0zNDM2M2JjN2M0YzAiOnsiY3JlYXRlIjo2MDAwMDAwMDAwMDAsImRlbGV0ZSI6OTAwMDAwMDAwMDAwfSwic2NoZW1hX3ZlcnNpb24iOiIxIn0=",
          "dependencies": [
            "module.vpc.aws_vpc.this"
          ]
        }
      ]
    },
    {
      "mode": "managed",
      "type": "local_file",
      "name": "ssh_key",
      "provider": "provider[\"registry.terraform.io/hashicorp/local\"]",
      "instances": [
        {
          "schema_version": 0,
          "attributes": {
            "content": "-----BEGIN RSA PRIVATE KEY-----\nMIIEpQIBAAKCAQEAqcbTJ1kjoDEHDIAiZwuc5+BzGRUX84aCmWr+vANsnixGAJyY\nBjiuCmwPt3JhORjkKmK0E3i9JCqxBi6fTxTzyyRDOE9brNrd+4Pevz3G58TkH6To\n9sjiJKfkGOdu8ZSIoD5CXYR7VUhnuBI1U2E0LMMRXLaOq6dlT7UJxXAe4qsBrGFD\nLkAl77E4ky2nh84xntZQyfvMu5pq82uyunk+o1rYxC3AtF0Cq+pAbv4nATmTbu5B\nxyL+Vg8ZgyI6WqXNjGWN19uYHA/3O1GzbdLOW1/cnSZFo+q3gInDkO7dTVcMshjl\neCu0ftUCUxMWg3TgZj0dGNX6eAKgY9kYmeh2IwIDAQABAoIBAQCe8ruLskPNXTlZ\nNbl/ufqbiKKZkAsNfxhUZDy7b4VIjPC47+LQqE4hCcypFhf56djr6d7n//ksnB+C\nRzH1Swt4W6nnVTziF0MOkAaCC2dmZAqjqbRGIArBAMJnon1XBZXoWIGvpjIFxTT9\nu2ZberzrT3G42F24TY9nUXolc/QmhyXsbQwGAH3i0zSQrYieIy6kELY0zeTMnXTo\n6vUqc+HFAEqQexgPVYUpA6CVSYdC2D7u9b4MtP2ZiJWu1nDg/9KdqL6v5k4eGbTK\nPs1RYY83JGUYzzvOJlHZurLttcv+0ak/rK3vwv5KJoYQcFDLRQq9FkUP0F7pizeS\nVsFKRheJAoGBAOI/ZZ1wFoEEEypXedrGcqg7CWc19foucCIwc9cSf6n1rY4OgTeJ\nSaQiIUiFd7p7OBLAVLCtpfi9b/LHKDkULIPpoF3HfNdkCaYm0wS9RYub9TpqWZyZ\njXDPZBeGX7vcKnLnOrbaRcxMDUmYuVlWqgGRU6ovHSeJFblYowkooUSvAoGBAMAa\nVpBwV8gyJUhQ+w2dePCYS32Yy6IM6nVUHWVZSg0SGp/q2fUZi58QmOJhGlNaxTWq\n1npr1TCPdFFKPkX8s0roB2vvDefw48U/7ACyDNfVbVPxHiBKqceMl2CHeY6P2scF\n4qs//xuGgr6CymLRL6GrWxGDrqyD3RKDQErX7GrNAoGAVKpez2zbrwokVesIWbt7\nusLlAO+rjiUEp3a0Ut7EUYjzmr6I0oyYt0hiZi40IN/tmu7IgplpC81wcEzhG4MW\nKYMrFQ0LBduU1M2gmBxwQw9o1KRpxnWb/YROs5MAjl+Urw0i5ryF9C7dphX1/p20\n3wNQaNZatanSLFskH9BJkVcCgYEAsOhQaYmbvVg4r0UsPZiUJHULqClK9fwQ+mWx\nAIFeyXSvoi+D8sxIoP6G3Irx1GtWC5s9EtY1KRgi1S2a9ZbGgif1lbc7Riq3hxHb\nw7Q0UZtRqCj3RmObwJG/YfzAu8HMhtXrrSstQmr4Anut55ye0bJdFl7/QA3bS84l\nKgd4x80CgYEAldGDhMrk7DK3eOT4E3ZChwNWSpxYWqFSNvuUYjDps2wFXwFyVGy+\nZrzX45cmcm4XrNIcq5ZrinQW+7tDcRLz+eyLTU50IT18q8vqB0NaUJyxzl55OVUS\nO4MzZA/01UGy/8cJ1OnWsNok528BTEbhd7i4JEKzZV6DQs9ZJl7RDGg=\n-----END RSA PRIVATE KEY-----\n",
            "content_base64": null,
            "content_base64sha256": "4Liv1Znf4fkI1SQa2vgTwS9//SZlyZFGN46ieastcPM=",
            "content_base64sha512": "vHjwDP3sfHd53fCpS3rxxjftZedjDX0UqOOEhRrB9LcrolidndDqYhDGMvYRasZbN+aDaqUVNVBcZY2HkRDORw==",
            "content_md5": "f157adbfa7b70fbbbccc1101532ad1ef",
            "content_sha1": "c69efc46b7d141743151e3fc713d66a6d5c8d291",
            "content_sha256": "e0b8afd599dfe1f908d5241adaf813c12f7ffd2665c99146378ea279ab2d70f3",
            "content_sha512": "bc78f00cfdec7c7779ddf0a94b7af1c637ed65e7630d7d14a8e384851ac1f4b72ba2589d9dd0ea6210c632f6116ac65b37e6836aa51535505c658d879110ce47",
            "directory_permission": "0777",
            "file_permission": "0777",
            "filename": "module_project_key_NVA.pem",
            "id": "c69efc46b7d141743151e3fc713d66a6d5c8d291",
            "sensitive_content": null,
            "source": null
          },
          "sensitive_attributes": [
            [
              {
                "type": "get_attr",
                "value": "content"
              }
            ]
          ],
          "dependencies": [
            "tls_private_key.ec2_key"
          ]
        }
      ]
    },
    {
      "mode": "managed",
      "type": "tls_private_key",
      "name": "ec2_key",
      "provider": "provider[\"registry.terraform.io/hashicorp/tls\"]",
      "instances": [
        {
          "schema_version": 1,
          "attributes": {
            "algorithm": "RSA",
            "ecdsa_curve": "P224",
            "id": "c93f48126642c31a1582b53a3934f382b98d8169",
            "private_key_openssh": "-----BEGIN OPENSSH PRIVATE KEY-----\nb3BlbnNzaC1rZXktdjEAAAAABG5vbmUAAAAEbm9uZQAAAAAAAAABAAABFwAAAAdz\nc2gtcnNhAAAAAwEAAQAAAQEAqcbTJ1kjoDEHDIAiZwuc5+BzGRUX84aCmWr+vANs\nnixGAJyYBjiuCmwPt3JhORjkKmK0E3i9JCqxBi6fTxTzyyRDOE9brNrd+4Pevz3G\n58TkH6To9sjiJKfkGOdu8ZSIoD5CXYR7VUhnuBI1U2E0LMMRXLaOq6dlT7UJxXAe\n4qsBrGFDLkAl77E4ky2nh84xntZQyfvMu5pq82uyunk+o1rYxC3AtF0Cq+pAbv4n\nATmTbu5BxyL+Vg8ZgyI6WqXNjGWN19uYHA/3O1GzbdLOW1/cnSZFo+q3gInDkO7d\nTVcMshjleCu0ftUCUxMWg3TgZj0dGNX6eAKgY9kYmeh2IwAAA7juB8YR7gfGEQAA\nAAdzc2gtcnNhAAABAQCpxtMnWSOgMQcMgCJnC5zn4HMZFRfzhoKZav68A2yeLEYA\nnJgGOK4KbA+3cmE5GOQqYrQTeL0kKrEGLp9PFPPLJEM4T1us2t37g96/PcbnxOQf\npOj2yOIkp+QY527xlIigPkJdhHtVSGe4EjVTYTQswxFcto6rp2VPtQnFcB7iqwGs\nYUMuQCXvsTiTLaeHzjGe1lDJ+8y7mmrza7K6eT6jWtjELcC0XQKr6kBu/icBOZNu\n7kHHIv5WDxmDIjpapc2MZY3X25gcD/c7UbNt0s5bX9ydJkWj6reAicOQ7t1NVwyy\nGOV4K7R+1QJTExaDdOBmPR0Y1fp4AqBj2RiZ6HYjAAAAAwEAAQAAAQEAnvK7i7JD\nzV05WTW5f7n6m4iimZALDX8YVGQ8u2+FSIzwuO/i0KhOIQnMqRYX+enY6+ne5//5\nLJwfgkcx9UsLeFup51U84hdDDpAGggtnZmQKo6m0RiAKwQDCZ6J9VwWV6FiBr6Yy\nBcU0/btmW3q8609xuNhduE2PZ1F6JXP0Jocl7G0MBgB94tM0kK2IniMupBC2NM3k\nzJ106Or1KnPhxQBKkHsYD1WFKQOglUmHQtg+7vW+DLT9mYiVrtZw4P/Snai+r+ZO\nHhm0yj7NUWGPNyRlGM87ziZR2bqy7bXL/tGpP6yt78L+SiaGEHBQy0UKvRZFD9Be\n6Ys3klbBSkYXiQAAAIEAldGDhMrk7DK3eOT4E3ZChwNWSpxYWqFSNvuUYjDps2wF\nXwFyVGy+ZrzX45cmcm4XrNIcq5ZrinQW+7tDcRLz+eyLTU50IT18q8vqB0NaUJyx\nzl55OVUSO4MzZA/01UGy/8cJ1OnWsNok528BTEbhd7i4JEKzZV6DQs9ZJl7RDGgA\nAACBAOI/ZZ1wFoEEEypXedrGcqg7CWc19foucCIwc9cSf6n1rY4OgTeJSaQiIUiF\nd7p7OBLAVLCtpfi9b/LHKDkULIPpoF3HfNdkCaYm0wS9RYub9TpqWZyZjXDPZBeG\nX7vcKnLnOrbaRcxMDUmYuVlWqgGRU6ovHSeJFblYowkooUSvAAAAgQDAGlaQcFfI\nMiVIUPsNnXjwmEt9mMuiDOp1VB1lWUoNEhqf6tn1GYufEJjiYRpTWsU1qtZ6a9Uw\nj3RRSj5F/LNK6Adr7w3n8OPFP+wAsgzX1W1T8R4gSqnHjJdgh3mOj9rHBeKrP/8b\nhoK+gspi0S+hq1sRg66sg90Sg0BK1+xqzQAAAAAB\n-----END OPENSSH PRIVATE KEY-----\n",
            "private_key_pem": "-----BEGIN RSA PRIVATE KEY-----\nMIIEpQIBAAKCAQEAqcbTJ1kjoDEHDIAiZwuc5+BzGRUX84aCmWr+vANsnixGAJyY\nBjiuCmwPt3JhORjkKmK0E3i9JCqxBi6fTxTzyyRDOE9brNrd+4Pevz3G58TkH6To\n9sjiJKfkGOdu8ZSIoD5CXYR7VUhnuBI1U2E0LMMRXLaOq6dlT7UJxXAe4qsBrGFD\nLkAl77E4ky2nh84xntZQyfvMu5pq82uyunk+o1rYxC3AtF0Cq+pAbv4nATmTbu5B\nxyL+Vg8ZgyI6WqXNjGWN19uYHA/3O1GzbdLOW1/cnSZFo+q3gInDkO7dTVcMshjl\neCu0ftUCUxMWg3TgZj0dGNX6eAKgY9kYmeh2IwIDAQABAoIBAQCe8ruLskPNXTlZ\nNbl/ufqbiKKZkAsNfxhUZDy7b4VIjPC47+LQqE4hCcypFhf56djr6d7n//ksnB+C\nRzH1Swt4W6nnVTziF0MOkAaCC2dmZAqjqbRGIArBAMJnon1XBZXoWIGvpjIFxTT9\nu2ZberzrT3G42F24TY9nUXolc/QmhyXsbQwGAH3i0zSQrYieIy6kELY0zeTMnXTo\n6vUqc+HFAEqQexgPVYUpA6CVSYdC2D7u9b4MtP2ZiJWu1nDg/9KdqL6v5k4eGbTK\nPs1RYY83JGUYzzvOJlHZurLttcv+0ak/rK3vwv5KJoYQcFDLRQq9FkUP0F7pizeS\nVsFKRheJAoGBAOI/ZZ1wFoEEEypXedrGcqg7CWc19foucCIwc9cSf6n1rY4OgTeJ\nSaQiIUiFd7p7OBLAVLCtpfi9b/LHKDkULIPpoF3HfNdkCaYm0wS9RYub9TpqWZyZ\njXDPZBeGX7vcKnLnOrbaRcxMDUmYuVlWqgGRU6ovHSeJFblYowkooUSvAoGBAMAa\nVpBwV8gyJUhQ+w2dePCYS32Yy6IM6nVUHWVZSg0SGp/q2fUZi58QmOJhGlNaxTWq\n1npr1TCPdFFKPkX8s0roB2vvDefw48U/7ACyDNfVbVPxHiBKqceMl2CHeY6P2scF\n4qs//xuGgr6CymLRL6GrWxGDrqyD3RKDQErX7GrNAoGAVKpez2zbrwokVesIWbt7\nusLlAO+rjiUEp3a0Ut7EUYjzmr6I0oyYt0hiZi40IN/tmu7IgplpC81wcEzhG4MW\nKYMrFQ0LBduU1M2gmBxwQw9o1KRpxnWb/YROs5MAjl+Urw0i5ryF9C7dphX1/p20\n3wNQaNZatanSLFskH9BJkVcCgYEAsOhQaYmbvVg4r0UsPZiUJHULqClK9fwQ+mWx\nAIFeyXSvoi+D8sxIoP6G3Irx1GtWC5s9EtY1KRgi1S2a9ZbGgif1lbc7Riq3hxHb\nw7Q0UZtRqCj3RmObwJG/YfzAu8HMhtXrrSstQmr4Anut55ye0bJdFl7/QA3bS84l\nKgd4x80CgYEAldGDhMrk7DK3eOT4E3ZChwNWSpxYWqFSNvuUYjDps2wFXwFyVGy+\nZrzX45cmcm4XrNIcq5ZrinQW+7tDcRLz+eyLTU50IT18q8vqB0NaUJyxzl55OVUS\nO4MzZA/01UGy/8cJ1OnWsNok528BTEbhd7i4JEKzZV6DQs9ZJl7RDGg=\n-----END RSA PRIVATE KEY-----\n",
            "private_key_pem_pkcs8": "-----BEGIN PRIVATE KEY-----\nMIIEvwIBADANBgkqhkiG9w0BAQEFAASCBKkwggSlAgEAAoIBAQCpxtMnWSOgMQcM\ngCJnC5zn4HMZFRfzhoKZav68A2yeLEYAnJgGOK4KbA+3cmE5GOQqYrQTeL0kKrEG\nLp9PFPPLJEM4T1us2t37g96/PcbnxOQfpOj2yOIkp+QY527xlIigPkJdhHtVSGe4\nEjVTYTQswxFcto6rp2VPtQnFcB7iqwGsYUMuQCXvsTiTLaeHzjGe1lDJ+8y7mmrz\na7K6eT6jWtjELcC0XQKr6kBu/icBOZNu7kHHIv5WDxmDIjpapc2MZY3X25gcD/c7\nUbNt0s5bX9ydJkWj6reAicOQ7t1NVwyyGOV4K7R+1QJTExaDdOBmPR0Y1fp4AqBj\n2RiZ6HYjAgMBAAECggEBAJ7yu4uyQ81dOVk1uX+5+puIopmQCw1/GFRkPLtvhUiM\n8Ljv4tCoTiEJzKkWF/np2Ovp3uf/+SycH4JHMfVLC3hbqedVPOIXQw6QBoILZ2Zk\nCqOptEYgCsEAwmeifVcFlehYga+mMgXFNP27Zlt6vOtPcbjYXbhNj2dReiVz9CaH\nJextDAYAfeLTNJCtiJ4jLqQQtjTN5MyddOjq9Spz4cUASpB7GA9VhSkDoJVJh0LY\nPu71vgy0/ZmIla7WcOD/0p2ovq/mTh4ZtMo+zVFhjzckZRjPO84mUdm6su21y/7R\nqT+sre/C/komhhBwUMtFCr0WRQ/QXumLN5JWwUpGF4kCgYEA4j9lnXAWgQQTKld5\n2sZyqDsJZzX1+i5wIjBz1xJ/qfWtjg6BN4lJpCIhSIV3uns4EsBUsK2l+L1v8sco\nORQsg+mgXcd812QJpibTBL1Fi5v1OmpZnJmNcM9kF4Zfu9wqcuc6ttpFzEwNSZi5\nWVaqAZFTqi8dJ4kVuVijCSihRK8CgYEAwBpWkHBXyDIlSFD7DZ148JhLfZjLogzq\ndVQdZVlKDRIan+rZ9RmLnxCY4mEaU1rFNarWemvVMI90UUo+RfyzSugHa+8N5/Dj\nxT/sALIM19VtU/EeIEqpx4yXYId5jo/axwXiqz//G4aCvoLKYtEvoatbEYOurIPd\nEoNAStfsas0CgYBUql7PbNuvCiRV6whZu3u6wuUA76uOJQSndrRS3sRRiPOavojS\njJi3SGJmLjQg3+2a7siCmWkLzXBwTOEbgxYpgysVDQsF25TUzaCYHHBDD2jUpGnG\ndZv9hE6zkwCOX5SvDSLmvIX0Lt2mFfX+nbTfA1Bo1lq1qdIsWyQf0EmRVwKBgQCw\n6FBpiZu9WDivRSw9mJQkdQuoKUr1/BD6ZbEAgV7JdK+iL4PyzEig/obcivHUa1YL\nmz0S1jUpGCLVLZr1lsaCJ/WVtztGKreHEdvDtDRRm1GoKPdGY5vAkb9h/MC7wcyG\n1eutKy1CavgCe63nnJ7Rsl0WXv9ADdtLziUqB3jHzQKBgQCV0YOEyuTsMrd45PgT\ndkKHA1ZKnFhaoVI2+5RiMOmzbAVfAXJUbL5mvNfjlyZybhes0hyrlmuKdBb7u0Nx\nEvP57ItNTnQhPXyry+oHQ1pQnLHOXnk5VRI7gzNkD/TVQbL/xwnU6daw2iTnbwFM\nRuF3uLgkQrNlXoNCz1kmXtEMaA==\n-----END PRIVATE KEY-----\n",
            "public_key_fingerprint_md5": "1d:a3:43:b1:c2:13:ab:4a:73:3f:18:d6:52:e1:d9:d5",
            "public_key_fingerprint_sha256": "SHA256:BFMVgwM6PjgrnAVDabJK5Wc/OfLTcfMb3NT3CFhI7uw",
            "public_key_openssh": "ssh-rsa AAAAB3NzaC1yc2EAAAADAQABAAABAQCpxtMnWSOgMQcMgCJnC5zn4HMZFRfzhoKZav68A2yeLEYAnJgGOK4KbA+3cmE5GOQqYrQTeL0kKrEGLp9PFPPLJEM4T1us2t37g96/PcbnxOQfpOj2yOIkp+QY527xlIigPkJdhHtVSGe4EjVTYTQswxFcto6rp2VPtQnFcB7iqwGsYUMuQCXvsTiTLaeHzjGe1lDJ+8y7mmrza7K6eT6jWtjELcC0XQKr6kBu/icBOZNu7kHHIv5WDxmDIjpapc2MZY3X25gcD/c7UbNt0s5bX9ydJkWj6reAicOQ7t1NVwyyGOV4K7R+1QJTExaDdOBmPR0Y1fp4AqBj2RiZ6HYj\n",
            "public_key_pem": "-----BEGIN PUBLIC KEY-----\nMIIBIjANBgkqhkiG9w0BAQEFAAOCAQ8AMIIBCgKCAQEAqcbTJ1kjoDEHDIAiZwuc\n5+BzGRUX84aCmWr+vANsnixGAJyYBjiuCmwPt3JhORjkKmK0E3i9JCqxBi6fTxTz\nyyRDOE9brNrd+4Pevz3G58TkH6To9sjiJKfkGOdu8ZSIoD5CXYR7VUhnuBI1U2E0\nLMMRXLaOq6dlT7UJxXAe4qsBrGFDLkAl77E4ky2nh84xntZQyfvMu5pq82uyunk+\no1rYxC3AtF0Cq+pAbv4nATmTbu5BxyL+Vg8ZgyI6WqXNjGWN19uYHA/3O1GzbdLO\nW1/cnSZFo+q3gInDkO7dTVcMshjleCu0ftUCUxMWg3TgZj0dGNX6eAKgY9kYmeh2\nIwIDAQAB\n-----END PUBLIC KEY-----\n",
            "rsa_bits": 2048
          },
          "sensitive_attributes": []
        }
      ]
    },
    {
      "module": "module.vpc",
      "mode": "managed",
      "type": "aws_default_network_acl",
      "name": "this",
      "provider": "provider[\"registry.terraform.io/hashicorp/aws\"]",
      "instances": [
        {
          "index_key": 0,
          "schema_version": 0,
          "attributes": {
            "arn": "arn:aws:ec2:us-east-1:007572960009:network-acl/acl-095d417c9c7e0a1c8",
            "default_network_acl_id": "acl-095d417c9c7e0a1c8",
            "egress": [
              {
                "action": "allow",
                "cidr_block": "",
                "from_port": 0,
                "icmp_code": null,
                "icmp_type": null,
                "ipv6_cidr_block": "::/0",
                "protocol": "-1",
                "rule_no": 101,
                "to_port": 0
              },
              {
                "action": "allow",
                "cidr_block": "0.0.0.0/0",
                "from_port": 0,
                "icmp_code": null,
                "icmp_type": null,
                "ipv6_cidr_block": "",
                "protocol": "-1",
                "rule_no": 100,
                "to_port": 0
              }
            ],
            "id": "acl-095d417c9c7e0a1c8",
            "ingress": [
              {
                "action": "allow",
                "cidr_block": "",
                "from_port": 0,
                "icmp_code": null,
                "icmp_type": null,
                "ipv6_cidr_block": "::/0",
                "protocol": "-1",
                "rule_no": 101,
                "to_port": 0
              },
              {
                "action": "allow",
                "cidr_block": "0.0.0.0/0",
                "from_port": 0,
                "icmp_code": null,
                "icmp_type": null,
                "ipv6_cidr_block": "",
                "protocol": "-1",
                "rule_no": 100,
                "to_port": 0
              }
            ],
            "owner_id": "007572960009",
            "subnet_ids": [
              "subnet-01248fc1f9e27be5e",
              "subnet-0484eacf0f1cbe94b",
              "subnet-069e151fa3d4ec1ea",
              "subnet-0984e5ddd6bcab43c"
            ],
            "tags": {
              "Name": "module_project_vpc",
              "created-by": "Gaetan",
              "env": "Utrains_Best_IT_School",
              "team": "Group10"
            },
            "tags_all": {
              "Name": "module_project_vpc",
              "created-by": "Gaetan",
              "env": "Utrains_Best_IT_School",
              "team": "Group10"
            },
            "vpc_id": "vpc-00b5cbd54381c5e78"
          },
          "sensitive_attributes": [],
          "private": "bnVsbA==",
          "dependencies": [
            "module.vpc.aws_vpc.this"
          ]
        }
      ]
    },
    {
      "module": "module.vpc",
      "mode": "managed",
      "type": "aws_default_route_table",
      "name": "default",
      "provider": "provider[\"registry.terraform.io/hashicorp/aws\"]",
      "instances": [
        {
          "index_key": 0,
          "schema_version": 0,
          "attributes": {
            "arn": "arn:aws:ec2:us-east-1:007572960009:route-table/rtb-0dcfe5bb13b2a8289",
            "default_route_table_id": "rtb-0dcfe5bb13b2a8289",
            "id": "rtb-0dcfe5bb13b2a8289",
            "owner_id": "007572960009",
            "propagating_vgws": null,
            "route": [],
            "tags": {
              "Name": "module_project_vpc",
              "created-by": "Gaetan",
              "env": "Utrains_Best_IT_School",
              "team": "Group10"
            },
            "tags_all": {
              "Name": "module_project_vpc",
              "created-by": "Gaetan",
              "env": "Utrains_Best_IT_School",
              "team": "Group10"
            },
            "timeouts": {
              "create": "5m",
              "update": "5m"
            },
            "vpc_id": "vpc-00b5cbd54381c5e78"
          },
          "sensitive_attributes": [],
          "private": "eyJlMmJmYjczMC1lY2FhLTExZTYtOGY4OC0zNDM2M2JjN2M0YzAiOnsiY3JlYXRlIjozMDAwMDAwMDAwMDAsInVwZGF0ZSI6MzAwMDAwMDAwMDAwfX0=",
          "dependencies": [
            "module.vpc.aws_vpc.this"
          ]
        }
      ]
    },
    {
      "module": "module.vpc",
      "mode": "managed",
      "type": "aws_default_security_group",
      "name": "this",
      "provider": "provider[\"registry.terraform.io/hashicorp/aws\"]",
      "instances": [
        {
          "index_key": 0,
          "schema_version": 1,
          "attributes": {
            "arn": "arn:aws:ec2:us-east-1:007572960009:security-group/sg-0264b007038be4dd9",
            "description": "default VPC security group",
            "egress": [],
            "id": "sg-0264b007038be4dd9",
            "ingress": [],
            "name": "default",
            "name_prefix": "",
            "owner_id": "007572960009",
            "revoke_rules_on_delete": false,
            "tags": {
              "Name": "module_project_vpc",
              "created-by": "Gaetan",
              "env": "Utrains_Best_IT_School",
              "team": "Group10"
            },
            "tags_all": {
              "Name": "module_project_vpc",
              "created-by": "Gaetan",
              "env": "Utrains_Best_IT_School",
              "team": "Group10"
            },
            "vpc_id": "vpc-00b5cbd54381c5e78"
          },
          "sensitive_attributes": [],
          "private": "eyJzY2hlbWFfdmVyc2lvbiI6IjEifQ==",
          "dependencies": [
            "module.vpc.aws_vpc.this"
          ]
        }
      ]
    },
    {
      "module": "module.vpc",
      "mode": "managed",
      "type": "aws_internet_gateway",
      "name": "this",
      "provider": "provider[\"registry.terraform.io/hashicorp/aws\"]",
      "instances": [
        {
          "index_key": 0,
          "schema_version": 0,
          "attributes": {
            "arn": "arn:aws:ec2:us-east-1:007572960009:internet-gateway/igw-050ca7ea38c937245",
            "id": "igw-050ca7ea38c937245",
            "owner_id": "007572960009",
            "tags": {
              "Name": "module_project_vpc",
              "created-by": "Gaetan",
              "env": "Utrains_Best_IT_School",
              "team": "Group10"
            },
            "tags_all": {
              "Name": "module_project_vpc",
              "created-by": "Gaetan",
              "env": "Utrains_Best_IT_School",
              "team": "Group10"
            },
            "timeouts": null,
            "vpc_id": "vpc-00b5cbd54381c5e78"
          },
          "sensitive_attributes": [],
          "private": "eyJlMmJmYjczMC1lY2FhLTExZTYtOGY4OC0zNDM2M2JjN2M0YzAiOnsiY3JlYXRlIjoxMjAwMDAwMDAwMDAwLCJkZWxldGUiOjEyMDAwMDAwMDAwMDAsInVwZGF0ZSI6MTIwMDAwMDAwMDAwMH19",
          "dependencies": [
            "module.vpc.aws_vpc.this",
            "module.vpc.aws_vpc_ipv4_cidr_block_association.this"
          ]
        }
      ]
    },
    {
      "module": "module.vpc",
      "mode": "managed",
      "type": "aws_route",
      "name": "public_internet_gateway",
      "provider": "provider[\"registry.terraform.io/hashicorp/aws\"]",
      "instances": [
        {
          "index_key": 0,
          "schema_version": 0,
          "attributes": {
            "carrier_gateway_id": "",
            "core_network_arn": "",
            "destination_cidr_block": "0.0.0.0/0",
            "destination_ipv6_cidr_block": "",
            "destination_prefix_list_id": "",
            "egress_only_gateway_id": "",
            "gateway_id": "igw-050ca7ea38c937245",
            "id": "r-rtb-07340e30db3af467a1080289494",
            "instance_id": "",
            "instance_owner_id": "",
            "local_gateway_id": "",
            "nat_gateway_id": "",
            "network_interface_id": "",
            "origin": "CreateRoute",
            "route_table_id": "rtb-07340e30db3af467a",
            "state": "active",
            "timeouts": {
              "create": "5m",
              "delete": null,
              "update": null
            },
            "transit_gateway_id": "",
            "vpc_endpoint_id": "",
            "vpc_peering_connection_id": ""
          },
          "sensitive_attributes": [],
          "private": "eyJlMmJmYjczMC1lY2FhLTExZTYtOGY4OC0zNDM2M2JjN2M0YzAiOnsiY3JlYXRlIjozMDAwMDAwMDAwMDAsImRlbGV0ZSI6MzAwMDAwMDAwMDAwLCJ1cGRhdGUiOjEyMDAwMDAwMDAwMH19",
          "dependencies": [
            "module.vpc.aws_internet_gateway.this",
            "module.vpc.aws_route_table.public",
            "module.vpc.aws_vpc.this",
            "module.vpc.aws_vpc_ipv4_cidr_block_association.this"
          ]
        }
      ]
    },
    {
      "module": "module.vpc",
      "mode": "managed",
      "type": "aws_route_table",
      "name": "private",
      "provider": "provider[\"registry.terraform.io/hashicorp/aws\"]",
      "instances": [
        {
          "index_key": 0,
          "schema_version": 0,
          "attributes": {
            "arn": "arn:aws:ec2:us-east-1:007572960009:route-table/rtb-04385b0ee8f2344b1",
            "id": "rtb-04385b0ee8f2344b1",
            "owner_id": "007572960009",
            "propagating_vgws": [],
            "route": [],
            "tags": {
              "Name": "module_project_vpc",
              "created-by": "Gaetan",
              "env": "Utrains_Best_IT_School",
              "team": "Group10"
            },
            "tags_all": {
              "Name": "module_project_vpc",
              "created-by": "Gaetan",
              "env": "Utrains_Best_IT_School",
              "team": "Group10"
            },
            "timeouts": null,
            "vpc_id": "vpc-00b5cbd54381c5e78"
          },
          "sensitive_attributes": [],
          "private": "eyJlMmJmYjczMC1lY2FhLTExZTYtOGY4OC0zNDM2M2JjN2M0YzAiOnsiY3JlYXRlIjozMDAwMDAwMDAwMDAsImRlbGV0ZSI6MzAwMDAwMDAwMDAwLCJ1cGRhdGUiOjEyMDAwMDAwMDAwMH19",
          "dependencies": [
            "module.vpc.aws_vpc.this",
            "module.vpc.aws_vpc_ipv4_cidr_block_association.this"
          ]
        },
        {
          "index_key": 1,
          "schema_version": 0,
          "attributes": {
            "arn": "arn:aws:ec2:us-east-1:007572960009:route-table/rtb-0e92aaf886441f0b9",
            "id": "rtb-0e92aaf886441f0b9",
            "owner_id": "007572960009",
            "propagating_vgws": [],
            "route": [],
            "tags": {
              "Name": "module_project_vpc",
              "created-by": "Gaetan",
              "env": "Utrains_Best_IT_School",
              "team": "Group10"
            },
            "tags_all": {
              "Name": "module_project_vpc",
              "created-by": "Gaetan",
              "env": "Utrains_Best_IT_School",
              "team": "Group10"
            },
            "timeouts": null,
            "vpc_id": "vpc-00b5cbd54381c5e78"
          },
          "sensitive_attributes": [],
          "private": "eyJlMmJmYjczMC1lY2FhLTExZTYtOGY4OC0zNDM2M2JjN2M0YzAiOnsiY3JlYXRlIjozMDAwMDAwMDAwMDAsImRlbGV0ZSI6MzAwMDAwMDAwMDAwLCJ1cGRhdGUiOjEyMDAwMDAwMDAwMH19",
          "dependencies": [
            "module.vpc.aws_vpc.this",
            "module.vpc.aws_vpc_ipv4_cidr_block_association.this"
          ]
        }
      ]
    },
    {
      "module": "module.vpc",
      "mode": "managed",
      "type": "aws_route_table",
      "name": "public",
      "provider": "provider[\"registry.terraform.io/hashicorp/aws\"]",
      "instances": [
        {
          "index_key": 0,
          "schema_version": 0,
          "attributes": {
            "arn": "arn:aws:ec2:us-east-1:007572960009:route-table/rtb-07340e30db3af467a",
            "id": "rtb-07340e30db3af467a",
            "owner_id": "007572960009",
            "propagating_vgws": [],
            "route": [],
            "tags": {
              "Name": "module_project_vpc",
              "created-by": "Gaetan",
              "env": "Utrains_Best_IT_School",
              "team": "Group10"
            },
            "tags_all": {
              "Name": "module_project_vpc",
              "created-by": "Gaetan",
              "env": "Utrains_Best_IT_School",
              "team": "Group10"
            },
            "timeouts": null,
            "vpc_id": "vpc-00b5cbd54381c5e78"
          },
          "sensitive_attributes": [],
          "private": "eyJlMmJmYjczMC1lY2FhLTExZTYtOGY4OC0zNDM2M2JjN2M0YzAiOnsiY3JlYXRlIjozMDAwMDAwMDAwMDAsImRlbGV0ZSI6MzAwMDAwMDAwMDAwLCJ1cGRhdGUiOjEyMDAwMDAwMDAwMH19",
          "dependencies": [
            "module.vpc.aws_vpc.this",
            "module.vpc.aws_vpc_ipv4_cidr_block_association.this"
          ]
        }
      ]
    },
    {
      "module": "module.vpc",
      "mode": "managed",
      "type": "aws_route_table_association",
      "name": "private",
      "provider": "provider[\"registry.terraform.io/hashicorp/aws\"]",
      "instances": [
        {
          "index_key": 0,
          "schema_version": 0,
          "attributes": {
            "gateway_id": "",
            "id": "rtbassoc-007940e43fd6968c8",
            "route_table_id": "rtb-04385b0ee8f2344b1",
            "subnet_id": "subnet-0484eacf0f1cbe94b",
            "timeouts": null
          },
          "sensitive_attributes": [],
          "private": "eyJlMmJmYjczMC1lY2FhLTExZTYtOGY4OC0zNDM2M2JjN2M0YzAiOnsiY3JlYXRlIjozMDAwMDAwMDAwMDAsImRlbGV0ZSI6MzAwMDAwMDAwMDAwLCJ1cGRhdGUiOjEyMDAwMDAwMDAwMH19",
          "dependencies": [
            "module.vpc.aws_route_table.private",
            "module.vpc.aws_subnet.private",
            "module.vpc.aws_vpc.this",
            "module.vpc.aws_vpc_ipv4_cidr_block_association.this"
          ]
        },
        {
          "index_key": 1,
          "schema_version": 0,
          "attributes": {
            "gateway_id": "",
            "id": "rtbassoc-0d976e6e97b8f0a03",
            "route_table_id": "rtb-0e92aaf886441f0b9",
            "subnet_id": "subnet-0984e5ddd6bcab43c",
            "timeouts": null
          },
          "sensitive_attributes": [],
          "private": "eyJlMmJmYjczMC1lY2FhLTExZTYtOGY4OC0zNDM2M2JjN2M0YzAiOnsiY3JlYXRlIjozMDAwMDAwMDAwMDAsImRlbGV0ZSI6MzAwMDAwMDAwMDAwLCJ1cGRhdGUiOjEyMDAwMDAwMDAwMH19",
          "dependencies": [
            "module.vpc.aws_route_table.private",
            "module.vpc.aws_subnet.private",
            "module.vpc.aws_vpc.this",
            "module.vpc.aws_vpc_ipv4_cidr_block_association.this"
          ]
        }
      ]
    },
    {
      "module": "module.vpc",
      "mode": "managed",
      "type": "aws_route_table_association",
      "name": "public",
      "provider": "provider[\"registry.terraform.io/hashicorp/aws\"]",
      "instances": [
        {
          "index_key": 0,
          "schema_version": 0,
          "attributes": {
            "gateway_id": "",
            "id": "rtbassoc-0c3e57ad064ef20e5",
            "route_table_id": "rtb-07340e30db3af467a",
            "subnet_id": "subnet-01248fc1f9e27be5e",
            "timeouts": null
          },
          "sensitive_attributes": [],
          "private": "eyJlMmJmYjczMC1lY2FhLTExZTYtOGY4OC0zNDM2M2JjN2M0YzAiOnsiY3JlYXRlIjozMDAwMDAwMDAwMDAsImRlbGV0ZSI6MzAwMDAwMDAwMDAwLCJ1cGRhdGUiOjEyMDAwMDAwMDAwMH19",
          "dependencies": [
            "module.vpc.aws_route_table.public",
            "module.vpc.aws_subnet.public",
            "module.vpc.aws_vpc.this",
            "module.vpc.aws_vpc_ipv4_cidr_block_association.this"
          ]
        },
        {
          "index_key": 1,
          "schema_version": 0,
          "attributes": {
            "gateway_id": "",
            "id": "rtbassoc-04a51343fcd563bc4",
            "route_table_id": "rtb-07340e30db3af467a",
            "subnet_id": "subnet-069e151fa3d4ec1ea",
            "timeouts": null
          },
          "sensitive_attributes": [],
          "private": "eyJlMmJmYjczMC1lY2FhLTExZTYtOGY4OC0zNDM2M2JjN2M0YzAiOnsiY3JlYXRlIjozMDAwMDAwMDAwMDAsImRlbGV0ZSI6MzAwMDAwMDAwMDAwLCJ1cGRhdGUiOjEyMDAwMDAwMDAwMH19",
          "dependencies": [
            "module.vpc.aws_route_table.public",
            "module.vpc.aws_subnet.public",
            "module.vpc.aws_vpc.this",
            "module.vpc.aws_vpc_ipv4_cidr_block_association.this"
          ]
        }
      ]
    },
    {
      "module": "module.vpc",
      "mode": "managed",
      "type": "aws_subnet",
      "name": "private",
      "provider": "provider[\"registry.terraform.io/hashicorp/aws\"]",
      "instances": [
        {
          "index_key": 0,
          "schema_version": 1,
          "attributes": {
            "arn": "arn:aws:ec2:us-east-1:007572960009:subnet/subnet-0484eacf0f1cbe94b",
            "assign_ipv6_address_on_creation": false,
            "availability_zone": "us-east-1a",
            "availability_zone_id": "use1-az4",
            "cidr_block": "192.168.1.0/24",
            "customer_owned_ipv4_pool": "",
            "enable_dns64": false,
            "enable_lni_at_device_index": 0,
            "enable_resource_name_dns_a_record_on_launch": false,
            "enable_resource_name_dns_aaaa_record_on_launch": false,
            "id": "subnet-0484eacf0f1cbe94b",
            "ipv6_cidr_block": "",
            "ipv6_cidr_block_association_id": "",
            "ipv6_native": false,
            "map_customer_owned_ip_on_launch": false,
            "map_public_ip_on_launch": false,
            "outpost_arn": "",
            "owner_id": "007572960009",
            "private_dns_hostname_type_on_launch": "ip-name",
            "tags": {
              "Name": "module_project_vpc",
              "created-by": "Gaetan",
              "env": "Utrains_Best_IT_School",
              "team": "Group10"
            },
            "tags_all": {
              "Name": "module_project_vpc",
              "created-by": "Gaetan",
              "env": "Utrains_Best_IT_School",
              "team": "Group10"
            },
            "timeouts": null,
            "vpc_id": "vpc-00b5cbd54381c5e78"
          },
          "sensitive_attributes": [],
          "private": "eyJlMmJmYjczMC1lY2FhLTExZTYtOGY4OC0zNDM2M2JjN2M0YzAiOnsiY3JlYXRlIjo2MDAwMDAwMDAwMDAsImRlbGV0ZSI6MTIwMDAwMDAwMDAwMH0sInNjaGVtYV92ZXJzaW9uIjoiMSJ9",
          "dependencies": [
            "module.vpc.aws_vpc.this",
            "module.vpc.aws_vpc_ipv4_cidr_block_association.this"
          ]
        },
        {
          "index_key": 1,
          "schema_version": 1,
          "attributes": {
            "arn": "arn:aws:ec2:us-east-1:007572960009:subnet/subnet-0984e5ddd6bcab43c",
            "assign_ipv6_address_on_creation": false,
            "availability_zone": "us-east-1b",
            "availability_zone_id": "use1-az6",
            "cidr_block": "192.168.2.0/24",
            "customer_owned_ipv4_pool": "",
            "enable_dns64": false,
            "enable_lni_at_device_index": 0,
            "enable_resource_name_dns_a_record_on_launch": false,
            "enable_resource_name_dns_aaaa_record_on_launch": false,
            "id": "subnet-0984e5ddd6bcab43c",
            "ipv6_cidr_block": "",
            "ipv6_cidr_block_association_id": "",
            "ipv6_native": false,
            "map_customer_owned_ip_on_launch": false,
            "map_public_ip_on_launch": false,
            "outpost_arn": "",
            "owner_id": "007572960009",
            "private_dns_hostname_type_on_launch": "ip-name",
            "tags": {
              "Name": "module_project_vpc",
              "created-by": "Gaetan",
              "env": "Utrains_Best_IT_School",
              "team": "Group10"
            },
            "tags_all": {
              "Name": "module_project_vpc",
              "created-by": "Gaetan",
              "env": "Utrains_Best_IT_School",
              "team": "Group10"
            },
            "timeouts": null,
            "vpc_id": "vpc-00b5cbd54381c5e78"
          },
          "sensitive_attributes": [],
          "private": "eyJlMmJmYjczMC1lY2FhLTExZTYtOGY4OC0zNDM2M2JjN2M0YzAiOnsiY3JlYXRlIjo2MDAwMDAwMDAwMDAsImRlbGV0ZSI6MTIwMDAwMDAwMDAwMH0sInNjaGVtYV92ZXJzaW9uIjoiMSJ9",
          "dependencies": [
            "module.vpc.aws_vpc.this",
            "module.vpc.aws_vpc_ipv4_cidr_block_association.this"
          ]
        }
      ]
    },
    {
      "module": "module.vpc",
      "mode": "managed",
      "type": "aws_subnet",
      "name": "public",
      "provider": "provider[\"registry.terraform.io/hashicorp/aws\"]",
      "instances": [
        {
          "index_key": 0,
          "schema_version": 1,
          "attributes": {
            "arn": "arn:aws:ec2:us-east-1:007572960009:subnet/subnet-01248fc1f9e27be5e",
            "assign_ipv6_address_on_creation": false,
            "availability_zone": "us-east-1a",
            "availability_zone_id": "use1-az4",
            "cidr_block": "192.168.101.0/24",
            "customer_owned_ipv4_pool": "",
            "enable_dns64": false,
            "enable_lni_at_device_index": 0,
            "enable_resource_name_dns_a_record_on_launch": false,
            "enable_resource_name_dns_aaaa_record_on_launch": false,
            "id": "subnet-01248fc1f9e27be5e",
            "ipv6_cidr_block": "",
            "ipv6_cidr_block_association_id": "",
            "ipv6_native": false,
            "map_customer_owned_ip_on_launch": false,
            "map_public_ip_on_launch": false,
            "outpost_arn": "",
            "owner_id": "007572960009",
            "private_dns_hostname_type_on_launch": "ip-name",
            "tags": {
              "Name": "module_project_vpc",
              "created-by": "Gaetan",
              "env": "Utrains_Best_IT_School",
              "team": "Group10"
            },
            "tags_all": {
              "Name": "module_project_vpc",
              "created-by": "Gaetan",
              "env": "Utrains_Best_IT_School",
              "team": "Group10"
            },
            "timeouts": null,
            "vpc_id": "vpc-00b5cbd54381c5e78"
          },
          "sensitive_attributes": [],
          "private": "eyJlMmJmYjczMC1lY2FhLTExZTYtOGY4OC0zNDM2M2JjN2M0YzAiOnsiY3JlYXRlIjo2MDAwMDAwMDAwMDAsImRlbGV0ZSI6MTIwMDAwMDAwMDAwMH0sInNjaGVtYV92ZXJzaW9uIjoiMSJ9",
          "dependencies": [
            "module.vpc.aws_vpc.this",
            "module.vpc.aws_vpc_ipv4_cidr_block_association.this"
          ]
        },
        {
          "index_key": 1,
          "schema_version": 1,
          "attributes": {
            "arn": "arn:aws:ec2:us-east-1:007572960009:subnet/subnet-069e151fa3d4ec1ea",
            "assign_ipv6_address_on_creation": false,
            "availability_zone": "us-east-1b",
            "availability_zone_id": "use1-az6",
            "cidr_block": "192.168.102.0/24",
            "customer_owned_ipv4_pool": "",
            "enable_dns64": false,
            "enable_lni_at_device_index": 0,
            "enable_resource_name_dns_a_record_on_launch": false,
            "enable_resource_name_dns_aaaa_record_on_launch": false,
            "id": "subnet-069e151fa3d4ec1ea",
            "ipv6_cidr_block": "",
            "ipv6_cidr_block_association_id": "",
            "ipv6_native": false,
            "map_customer_owned_ip_on_launch": false,
            "map_public_ip_on_launch": false,
            "outpost_arn": "",
            "owner_id": "007572960009",
            "private_dns_hostname_type_on_launch": "ip-name",
            "tags": {
              "Name": "module_project_vpc",
              "created-by": "Gaetan",
              "env": "Utrains_Best_IT_School",
              "team": "Group10"
            },
            "tags_all": {
              "Name": "module_project_vpc",
              "created-by": "Gaetan",
              "env": "Utrains_Best_IT_School",
              "team": "Group10"
            },
            "timeouts": null,
            "vpc_id": "vpc-00b5cbd54381c5e78"
          },
          "sensitive_attributes": [],
          "private": "eyJlMmJmYjczMC1lY2FhLTExZTYtOGY4OC0zNDM2M2JjN2M0YzAiOnsiY3JlYXRlIjo2MDAwMDAwMDAwMDAsImRlbGV0ZSI6MTIwMDAwMDAwMDAwMH0sInNjaGVtYV92ZXJzaW9uIjoiMSJ9",
          "dependencies": [
            "module.vpc.aws_vpc.this",
            "module.vpc.aws_vpc_ipv4_cidr_block_association.this"
          ]
        }
      ]
    },
    {
      "module": "module.vpc",
      "mode": "managed",
      "type": "aws_vpc",
      "name": "this",
      "provider": "provider[\"registry.terraform.io/hashicorp/aws\"]",
      "instances": [
        {
          "index_key": 0,
          "schema_version": 1,
          "attributes": {
            "arn": "arn:aws:ec2:us-east-1:007572960009:vpc/vpc-00b5cbd54381c5e78",
            "assign_generated_ipv6_cidr_block": false,
            "cidr_block": "192.168.0.0/16",
            "default_network_acl_id": "acl-095d417c9c7e0a1c8",
            "default_route_table_id": "rtb-0dcfe5bb13b2a8289",
            "default_security_group_id": "sg-0264b007038be4dd9",
            "dhcp_options_id": "dopt-0d2e3a9a008f9dee7",
            "enable_dns_hostnames": true,
            "enable_dns_support": true,
            "enable_network_address_usage_metrics": false,
            "id": "vpc-00b5cbd54381c5e78",
            "instance_tenancy": "default",
            "ipv4_ipam_pool_id": null,
            "ipv4_netmask_length": null,
            "ipv6_association_id": "",
            "ipv6_cidr_block": "",
            "ipv6_cidr_block_network_border_group": "",
            "ipv6_ipam_pool_id": "",
            "ipv6_netmask_length": 0,
            "main_route_table_id": "rtb-0dcfe5bb13b2a8289",
            "owner_id": "007572960009",
            "tags": {
              "Name": "module_project_vpc",
              "created-by": "Gaetan",
              "env": "Utrains_Best_IT_School",
              "team": "Group10"
            },
            "tags_all": {
              "Name": "module_project_vpc",
              "created-by": "Gaetan",
              "env": "Utrains_Best_IT_School",
              "team": "Group10"
            }
          },
          "sensitive_attributes": [],
          "private": "eyJzY2hlbWFfdmVyc2lvbiI6IjEifQ=="
        }
      ]
    }
  ],
  "check_results": null
}
